
Microsoft Visual Studio Solution File, Format Version 12.00
# Visual Studio Version 17
VisualStudioVersion = 17.5.33530.505
MinimumVisualStudioVersion = 10.0.40219.1
Project("{8BC9CEB8-8B4A-11D0-8D11-00A0C91BC942}") = "Game Engine Project", "Game Engine Project\Game Engine Project.vcxproj", "{76CC6AE7-59AC-478E-81A7-E9611D90137C}"
EndProject
Project("{9A19103F-16F7-4668-BE54-9A1E7A4F7556}") = "GERLIE_WPF", "GERLIE_WPF\GERLIE_WPF.csproj", "{E890511B-50A0-459F-B88F-BE71EF7889E6}"
EndProject
Project("{8BC9CEB8-8B4A-11D0-8D11-00A0C91BC942}") = "EngineTest", "Test\Test.vcxproj", "{4430D416-7E70-415F-9243-3CE7CCCD8455}"
EndProject
Global
	GlobalSection(SolutionConfigurationPlatforms) = preSolution
		Debug|ARM = Debug|ARM
		Debug|ARM64 = Debug|ARM64
		Debug|x64 = Debug|x64
		Debug|x86 = Debug|x86
		Release|ARM = Release|ARM
		Release|ARM64 = Release|ARM64
		Release|x64 = Release|x64
		Release|x86 = Release|x86
	EndGlobalSection
	GlobalSection(ProjectConfigurationPlatforms) = postSolution
		{76CC6AE7-59AC-478E-81A7-E9611D90137C}.Debug|ARM.ActiveCfg = Debug|x64
		{76CC6AE7-59AC-478E-81A7-E9611D90137C}.Debug|ARM.Build.0 = Debug|x64
		{76CC6AE7-59AC-478E-81A7-E9611D90137C}.Debug|ARM64.ActiveCfg = Debug|x64
		{76CC6AE7-59AC-478E-81A7-E9611D90137C}.Debug|ARM64.Build.0 = Debug|x64
		{76CC6AE7-59AC-478E-81A7-E9611D90137C}.Debug|x64.ActiveCfg = Debug|x64
		{76CC6AE7-59AC-478E-81A7-E9611D90137C}.Debug|x64.Build.0 = Debug|x64
		{76CC6AE7-59AC-478E-81A7-E9611D90137C}.Debug|x86.ActiveCfg = Debug|x64
		{76CC6AE7-59AC-478E-81A7-E9611D90137C}.Debug|x86.Build.0 = Debug|x64
		{76CC6AE7-59AC-478E-81A7-E9611D90137C}.Release|ARM.ActiveCfg = Release|x64
		{76CC6AE7-59AC-478E-81A7-E9611D90137C}.Release|ARM.Build.0 = Release|x64
		{76CC6AE7-59AC-478E-81A7-E9611D90137C}.Release|ARM64.ActiveCfg = Release|x64
		{76CC6AE7-59AC-478E-81A7-E9611D90137C}.Release|ARM64.Build.0 = Release|x64
		{76CC6AE7-59AC-478E-81A7-E9611D90137C}.Release|x64.ActiveCfg = Release|x64
		{76CC6AE7-59AC-478E-81A7-E9611D90137C}.Release|x64.Build.0 = Release|x64
		{76CC6AE7-59AC-478E-81A7-E9611D90137C}.Release|x86.ActiveCfg = Release|x64
		{76CC6AE7-59AC-478E-81A7-E9611D90137C}.Release|x86.Build.0 = Release|x64
		{E890511B-50A0-459F-B88F-BE71EF7889E6}.Debug|ARM.ActiveCfg = Debug|Any CPU
		{E890511B-50A0-459F-B88F-BE71EF7889E6}.Debug|ARM.Build.0 = Debug|Any CPU
		{E890511B-50A0-459F-B88F-BE71EF7889E6}.Debug|ARM64.ActiveCfg = Debug|Any CPU
		{E890511B-50A0-459F-B88F-BE71EF7889E6}.Debug|ARM64.Build.0 = Debug|Any CPU
		{E890511B-50A0-459F-B88F-BE71EF7889E6}.Debug|x64.ActiveCfg = Debug|Any CPU
		{E890511B-50A0-459F-B88F-BE71EF7889E6}.Debug|x64.Build.0 = Debug|Any CPU
		{E890511B-50A0-459F-B88F-BE71EF7889E6}.Debug|x86.ActiveCfg = Debug|Any CPU
		{E890511B-50A0-459F-B88F-BE71EF7889E6}.Debug|x86.Build.0 = Debug|Any CPU
		{E890511B-50A0-459F-B88F-BE71EF7889E6}.Release|ARM.ActiveCfg = Release|Any CPU
		{E890511B-50A0-459F-B88F-BE71EF7889E6}.Release|ARM.Build.0 = Release|Any CPU
		{E890511B-50A0-459F-B88F-BE71EF7889E6}.Release|ARM64.ActiveCfg = Release|Any CPU
		{E890511B-50A0-459F-B88F-BE71EF7889E6}.Release|ARM64.Build.0 = Release|Any CPU
		{E890511B-50A0-459F-B88F-BE71EF7889E6}.Release|x64.ActiveCfg = Release|Any CPU
		{E890511B-50A0-459F-B88F-BE71EF7889E6}.Release|x64.Build.0 = Release|Any CPU
		{E890511B-50A0-459F-B88F-BE71EF7889E6}.Release|x86.ActiveCfg = Release|Any CPU
		{E890511B-50A0-459F-B88F-BE71EF7889E6}.Release|x86.Build.0 = Release|Any CPU
		{4430D416-7E70-415F-9243-3CE7CCCD8455}.Debug|ARM.ActiveCfg = Debug|x64
		{4430D416-7E70-415F-9243-3CE7CCCD8455}.Debug|ARM.Build.0 = Debug|x64
		{4430D416-7E70-415F-9243-3CE7CCCD8455}.Debug|ARM64.ActiveCfg = Debug|x64
		{4430D416-7E70-415F-9243-3CE7CCCD8455}.Debug|ARM64.Build.0 = Debug|x64
		{4430D416-7E70-415F-9243-3CE7CCCD8455}.Debug|x64.ActiveCfg = Debug|x64
		{4430D416-7E70-415F-9243-3CE7CCCD8455}.Debug|x64.Build.0 = Debug|x64
		{4430D416-7E70-415F-9243-3CE7CCCD8455}.Debug|x86.ActiveCfg = Debug|Win32
		{4430D416-7E70-415F-9243-3CE7CCCD8455}.Debug|x86.Build.0 = Debug|Win32
		{4430D416-7E70-415F-9243-3CE7CCCD8455}.Release|ARM.ActiveCfg = Release|x64
		{4430D416-7E70-415F-9243-3CE7CCCD8455}.Release|ARM.Build.0 = Release|x64
		{4430D416-7E70-415F-9243-3CE7CCCD8455}.Release|ARM64.ActiveCfg = Release|x64
		{4430D416-7E70-415F-9243-3CE7CCCD8455}.Release|ARM64.Build.0 = Release|x64
		{4430D416-7E70-415F-9243-3CE7CCCD8455}.Release|x64.ActiveCfg = Release|x64
		{4430D416-7E70-415F-9243-3CE7CCCD8455}.Release|x64.Build.0 = Release|x64
		{4430D416-7E70-415F-9243-3CE7CCCD8455}.Release|x86.ActiveCfg = Release|Win32
		{4430D416-7E70-415F-9243-3CE7CCCD8455}.Release|x86.Build.0 = Release|Win32
	EndGlobalSection
	GlobalSection(SolutionProperties) = preSolution
		HideSolutionNode = FALSE
	EndGlobalSection
	GlobalSection(ExtensibilityGlobals) = postSolution
		SolutionGuid = {FF203F0F-5D17-4096-A9F3-D158B54F1260}
	EndGlobalSection
EndGlobal
